{
    "_readme": [
        "This file locks the dependencies of your project to a known state",
        "Read more about it at https://getcomposer.org/doc/01-basic-usage.md#composer-lock-the-lock-file",
        "This file is @generated automatically"
    ],
    "content-hash": "1fbb62462aef9e9b1bf8d00a00c638e7",
    "packages": [
        {
            "name": "endroid/qrcode",
            "version": "1.9.3",
            "source": {
                "type": "git",
                "url": "https://github.com/endroid/qr-code.git",
                "reference": "c9644bec2a9cc9318e98d1437de3c628dcd1ef93"
            },
            "dist": {
                "type": "zip",
                "url": "https://api.github.com/repos/endroid/qr-code/zipball/c9644bec2a9cc9318e98d1437de3c628dcd1ef93",
                "reference": "c9644bec2a9cc9318e98d1437de3c628dcd1ef93",
                "shasum": ""
            },
            "require": {
                "ext-gd": "*",
                "php": ">=5.4",
                "symfony/options-resolver": "^2.3|^3.0"
            },
            "require-dev": {
                "phpunit/phpunit": "^4.0|^5.0",
                "sensio/framework-extra-bundle": "^3.0",
                "symfony/browser-kit": "^2.3|^3.0",
                "symfony/framework-bundle": "^2.3|^3.0",
                "symfony/http-kernel": "^2.3|^3.0"
            },
            "type": "library",
            "extra": {
                "branch-alias": {
                    "dev-master": "1.x-dev"
                }
            },
            "autoload": {
                "psr-4": {
                    "Endroid\\QrCode\\": "src/"
                }
            },
            "notification-url": "https://packagist.org/downloads/",
            "license": [
                "MIT"
            ],
            "authors": [
                {
                    "name": "Jeroen van den Enden",
                    "email": "info@endroid.nl",
                    "homepage": "http://endroid.nl/"
                }
            ],
            "description": "Endroid QR Code",
            "homepage": "https://github.com/endroid/QrCode",
            "keywords": [
                "bundle",
                "code",
                "endroid",
                "qr",
                "qrcode",
                "symfony"
            ],
            "abandoned": "endroid/qr-code",
            "time": "2017-04-08T09:13:59+00:00"
        },
        {
            "name": "srag/activerecordconfig",
            "version": "v0.13.2",
            "source": {
                "type": "git",
                "url": "https://github.com/studer-raimann/ActiveRecordConfig.git",
                "reference": "4c12107c37cafe977c3a99bae4c57ec16929e97a"
            },
            "dist": {
                "type": "zip",
                "url": "https://api.github.com/repos/studer-raimann/ActiveRecordConfig/zipball/4c12107c37cafe977c3a99bae4c57ec16929e97a",
                "reference": "4c12107c37cafe977c3a99bae4c57ec16929e97a",
                "shasum": ""
            },
            "require": {
                "php": ">=5.6",
                "srag/custominputguis": ">=0.1.0",
                "srag/dic": ">=0.1.0"
            },
            "type": "library",
            "autoload": {
                "psr-4": {
                    "srag\\ActiveRecordConfig\\LiveVoting\\": "src/"
                }
            },
            "notification-url": "https://packagist.org/downloads/",
            "license": [
                "GPL-3.0-only"
            ],
            "authors": [
                {
                    "name": "studer + raimann ag - Team Custom 1",
                    "email": "support-custom1@studer-raimann.ch",
                    "homepage": "https://studer-raimann.ch",
                    "role": "Developer"
                }
            ],
            "description": "Simple ActiveRecord config for ILIAS plugins",
            "homepage": "https://github.com/studer-raimann/ActiveRecordConfig",
            "keywords": [
                "ILIAS",
                "activerecord",
                "config"
            ],
            "time": "2018-11-23T10:42:57+00:00"
        },
        {
            "name": "srag/custominputguis",
            "version": "v0.13.19",
            "source": {
                "type": "git",
                "url": "https://github.com/studer-raimann/CustomInputGUIs.git",
                "reference": "3db75fc743668d35d47ea8fd7889447b9a18e984"
            },
            "dist": {
                "type": "zip",
                "url": "https://api.github.com/repos/studer-raimann/CustomInputGUIs/zipball/3db75fc743668d35d47ea8fd7889447b9a18e984",
                "reference": "3db75fc743668d35d47ea8fd7889447b9a18e984",
                "shasum": ""
            },
            "require": {
                "php": ">=5.6",
                "srag/dic": ">=0.1.0"
            },
            "type": "library",
            "autoload": {
                "psr-4": {
                    "srag\\CustomInputGUIs\\LiveVoting\\": "src/"
                }
            },
            "notification-url": "https://packagist.org/downloads/",
            "license": [
                "GPL-3.0-only"
            ],
            "authors": [
                {
                    "name": "studer + raimann ag - Team Custom 1",
                    "email": "support-custom1@studer-raimann.ch",
                    "homepage": "https://studer-raimann.ch",
                    "role": "Developer"
                }
            ],
            "description": "Custom Input-GUI's",
            "homepage": "https://github.com/studer-raimann/CustomInputGUIs",
            "keywords": [
                "ILIAS",
                "PropertyForm",
                "gui",
                "input",
                "table"
            ],
            "time": "2018-11-26T12:16:00+00:00"
        },
        {
            "name": "srag/dic",
            "version": "v0.14.1",
            "source": {
                "type": "git",
                "url": "https://github.com/studer-raimann/DIC.git",
                "reference": "a45b8c486816be4b8d14cbdea65fd85724895733"
            },
            "dist": {
                "type": "zip",
                "url": "https://api.github.com/repos/studer-raimann/DIC/zipball/a45b8c486816be4b8d14cbdea65fd85724895733",
                "reference": "a45b8c486816be4b8d14cbdea65fd85724895733",
                "shasum": ""
            },
            "require": {
                "php": ">=5.6"
            },
            "type": "library",
            "autoload": {
                "psr-4": {
                    "srag\\DIC\\": "src/"
                }
            },
            "notification-url": "https://packagist.org/downloads/",
            "license": [
                "GPL-3.0-only"
            ],
            "authors": [
                {
                    "name": "studer + raimann ag - Team Custom 1",
                    "email": "support-custom1@studer-raimann.ch",
                    "homepage": "https://studer-raimann.ch",
                    "role": "Developer"
                }
            ],
            "description": "Use all ILIAS globals in your class",
            "homepage": "https://github.com/studer-raimann/DIC",
            "keywords": [
                "ILIAS",
                "dic",
                "globals",
                "trait"
            ],
            "time": "2018-11-30T07:54:34+00:00"
        },
        {
            "name": "srag/librariesnamespacechanger",
            "version": "v0.3.6",
            "source": {
                "type": "git",
                "url": "https://github.com/studer-raimann/LibrariesNamespaceChanger.git",
                "reference": "cf5f3be4341270fbe46a977bbd1403d744fb797a"
            },
            "dist": {
                "type": "zip",
                "url": "https://api.github.com/repos/studer-raimann/LibrariesNamespaceChanger/zipball/cf5f3be4341270fbe46a977bbd1403d744fb797a",
                "reference": "cf5f3be4341270fbe46a977bbd1403d744fb797a",
                "shasum": ""
            },
            "require": {
                "php": ">=5.6"
            },
            "type": "library",
            "autoload": {
                "psr-4": {
                    "srag\\LibrariesNamespaceChanger\\": "src/"
                }
            },
            "notification-url": "https://packagist.org/downloads/",
            "license": [
                "GPL-3.0-only"
            ],
            "authors": [
                {
                    "name": "studer + raimann ag - Team Custom 1",
                    "email": "support-custom1@studer-raimann.ch",
                    "homepage": "https://studer-raimann.ch",
                    "role": "Developer"
                }
            ],
            "description": "Change namespace of libraries to plugin namespace",
            "homepage": "https://github.com/studer-raimann/LibrariesNamespaceChanger",
            "keywords": [
                "ILIAS",
                "libraries"
            ],
            "time": "2018-11-21T08:31:42+00:00"
        },
        {
            "name": "srag/removeplugindataconfirm",
            "version": "v0.3.3",
            "source": {
                "type": "git",
                "url": "https://github.com/studer-raimann/RemovePluginDataConfirm.git",
                "reference": "0a4c2efb645c77ed609885366d3ac8f17c1dedbc"
            },
            "dist": {
                "type": "zip",
                "url": "https://api.github.com/repos/studer-raimann/RemovePluginDataConfirm/zipball/0a4c2efb645c77ed609885366d3ac8f17c1dedbc",
                "reference": "0a4c2efb645c77ed609885366d3ac8f17c1dedbc",
                "shasum": ""
            },
            "require": {
                "php": ">=5.6",
                "srag/dic": ">=0.1.0"
            },
            "type": "library",
            "autoload": {
                "psr-4": {
                    "srag\\RemovePluginDataConfirm\\LiveVoting\\": "src/"
                }
            },
            "notification-url": "https://packagist.org/downloads/",
            "license": [
                "GPL-3.0-only"
            ],
            "authors": [
                {
                    "name": "studer + raimann ag - Team Custom 1",
                    "email": "support-custom1@studer-raimann.ch",
                    "homepage": "https://studer-raimann.ch",
                    "role": "Developer"
                }
            ],
            "description": "Demand if plugin data should be removed on uninstall",
            "homepage": "https://github.com/studer-raimann/RemovePluginDataConfirm",
            "keywords": [
                "ILIAS",
                "confirm",
                "data",
                "plugin",
                "uninstall"
            ],
            "time": "2018-11-28T08:24:16+00:00"
        },
        {
            "name": "symfony/options-resolver",
            "version": "v3.4.19",
            "source": {
                "type": "git",
                "url": "https://github.com/symfony/options-resolver.git",
                "reference": "2cf5aa084338c1f67166013aebe87e2026bbe953"
            },
            "dist": {
                "type": "zip",
                "url": "https://api.github.com/repos/symfony/options-resolver/zipball/2cf5aa084338c1f67166013aebe87e2026bbe953",
                "reference": "2cf5aa084338c1f67166013aebe87e2026bbe953",
                "shasum": ""
            },
            "require": {
                "php": "^5.5.9|>=7.0.8"
            },
            "type": "library",
            "extra": {
                "branch-alias": {
                    "dev-master": "3.4-dev"
                }
            },
            "autoload": {
                "psr-4": {
                    "Symfony\\Component\\OptionsResolver\\": ""
                },
                "exclude-from-classmap": [
                    "/Tests/"
                ]
            },
            "notification-url": "https://packagist.org/downloads/",
            "license": [
                "MIT"
            ],
            "authors": [
                {
                    "name": "Fabien Potencier",
                    "email": "fabien@symfony.com"
                },
                {
                    "name": "Symfony Community",
                    "homepage": "https://symfony.com/contributors"
                }
            ],
            "description": "Symfony OptionsResolver Component",
            "homepage": "https://symfony.com",
            "keywords": [
                "config",
                "configuration",
                "options"
            ],
            "time": "2018-11-11T19:48:54+00:00"
        }
    ],
    "packages-dev": [],
    "aliases": [],
    "minimum-stability": "stable",
    "stability-flags": [],
    "prefer-stable": false,
    "prefer-lowest": false,
    "platform": {
        "php": ">=5.5"
    },
    "platform-dev": []
}
