{
    "_readme": [
        "This file locks the dependencies of your project to a known state",
        "Read more about it at https://getcomposer.org/doc/01-basic-usage.md#composer-lock-the-lock-file",
        "This file is @generated automatically"
    ],
    "content-hash": "9402bf998a1622d00cbe94d24b31d707",
    "packages": [
        {
            "name": "endroid/qrcode",
            "version": "1.9.3",
            "source": {
                "type": "git",
                "url": "https://github.com/endroid/qr-code.git",
                "reference": "c9644bec2a9cc9318e98d1437de3c628dcd1ef93"
            },
            "dist": {
                "type": "zip",
                "url": "https://api.github.com/repos/endroid/qr-code/zipball/c9644bec2a9cc9318e98d1437de3c628dcd1ef93",
                "reference": "c9644bec2a9cc9318e98d1437de3c628dcd1ef93",
                "shasum": ""
            },
            "require": {
                "ext-gd": "*",
                "php": ">=5.4",
                "symfony/options-resolver": "^2.3|^3.0"
            },
            "require-dev": {
                "phpunit/phpunit": "^4.0|^5.0",
                "sensio/framework-extra-bundle": "^3.0",
                "symfony/browser-kit": "^2.3|^3.0",
                "symfony/framework-bundle": "^2.3|^3.0",
                "symfony/http-kernel": "^2.3|^3.0"
            },
            "type": "library",
            "extra": {
                "branch-alias": {
                    "dev-master": "1.x-dev"
                }
            },
            "autoload": {
                "psr-4": {
                    "Endroid\\QrCode\\": "src/"
                }
            },
            "notification-url": "https://packagist.org/downloads/",
            "license": [
                "MIT"
            ],
            "authors": [
                {
                    "name": "Jeroen van den Enden",
                    "email": "info@endroid.nl",
                    "homepage": "http://endroid.nl/"
                }
            ],
            "description": "Endroid QR Code",
            "homepage": "https://github.com/endroid/QrCode",
            "keywords": [
                "bundle",
                "code",
                "endroid",
                "qr",
                "qrcode",
                "symfony"
            ],
            "abandoned": "endroid/qr-code",
            "time": "2017-04-08T09:13:59+00:00"
        },
        {
            "name": "srag/activerecordconfig",
            "version": "0.20.7",
            "source": {
                "type": "git",
                "url": "https://github.com/fluxapps/ActiveRecordConfig.git",
                "reference": "e05c313e7792d0ce125a0ef854c4c15b5ca9d95d"
            },
            "dist": {
                "type": "zip",
                "url": "https://api.github.com/repos/fluxapps/ActiveRecordConfig/zipball/e05c313e7792d0ce125a0ef854c4c15b5ca9d95d",
                "reference": "e05c313e7792d0ce125a0ef854c4c15b5ca9d95d",
                "shasum": ""
            },
            "require": {
                "php": ">=7.0",
                "srag/custominputguis": ">=0.1.0",
                "srag/dic": ">=0.1.0"
            },
            "require-dev": {
                "srag/generateplugininfoshelper": ">=0.1.0"
            },
            "type": "library",
            "extra": {
                "ilias_plugin": {
                    "ilias_min_version": "5.4.0",
                    "ilias_max_version": "6.999"
                },
                "generate_plugin_readme_template": "ILIAS_LIBRARY",
                "long_description_template": "src/LONG_DESCRIPTION.md"
            },
            "autoload": {
                "psr-4": {
                    "srag\\ActiveRecordConfig\\": "src/"
                }
            },
            "notification-url": "https://packagist.org/downloads/",
            "license": [
                "GPL-3.0-only"
            ],
            "authors": [
                {
                    "name": "fluxlabs",
                    "email": "support@fluxlabs.ch",
                    "homepage": "https://fluxlabs.ch",
                    "role": "Developer"
                }
            ],
            "description": "Simple ActiveRecord config for ILIAS plugins",
            "homepage": "https://github.com/fluxapps/ActiveRecordConfig",
            "keywords": [
                "ILIAS",
                "activerecord",
                "config"
            ],
            "time": "2021-06-28T07:02:32+00:00"
        },
        {
            "name": "srag/custominputguis",
            "version": "0.42.9",
            "source": {
                "type": "git",
                "url": "https://github.com/fluxapps/CustomInputGUIs.git",
                "reference": "14967d168c8f62e20e6f0b46b03109063c912541"
            },
            "dist": {
                "type": "zip",
                "url": "https://api.github.com/repos/fluxapps/CustomInputGUIs/zipball/14967d168c8f62e20e6f0b46b03109063c912541",
                "reference": "14967d168c8f62e20e6f0b46b03109063c912541",
                "shasum": ""
            },
            "require": {
                "php": ">=7.0",
                "srag/dic": ">=0.1.0"
            },
            "require-dev": {
                "srag/generateplugininfoshelper": ">=0.1.0"
            },
            "type": "library",
            "extra": {
                "ilias_plugin": {
                    "ilias_min_version": "5.4.0",
                    "ilias_max_version": "6.999"
                },
                "generate_plugin_readme_template": "ILIAS_LIBRARY",
                "long_description_template": "src/LONG_DESCRIPTION.md"
            },
            "autoload": {
                "psr-4": {
                    "srag\\CustomInputGUIs\\": "src/"
                },
                "classmap": [
                    "src/MultiSelectSearchNewInputGUI/class.ObjectChildrenAjaxAutoCompleteCtrl.php",
                    "src/MultiSelectSearchNewInputGUI/class.ObjectsAjaxAutoCompleteCtrl.php",
                    "src/MultiSelectSearchNewInputGUI/class.OrgUnitAjaxAutoCompleteCtrl.php",
                    "src/MultiSelectSearchNewInputGUI/class.UsersAjaxAutoCompleteCtrl.php"
                ]
            },
            "notification-url": "https://packagist.org/downloads/",
            "license": [
                "GPL-3.0-only"
            ],
            "authors": [
                {
                    "name": "fluxlabs",
                    "email": "support@fluxlabs.ch",
                    "homepage": "https://fluxlabs.ch",
                    "role": "Developer"
                }
            ],
            "description": "Custom Input-GUI's",
            "homepage": "https://github.com/fluxapps/CustomInputGUIs",
            "keywords": [
                "ILIAS",
                "PropertyForm",
                "gui",
                "input",
                "table"
            ],
            "time": "2021-06-28T12:12:20+00:00"
        },
        {
            "name": "srag/dic",
            "version": "0.32.4",
            "source": {
                "type": "git",
                "url": "https://github.com/fluxapps/DIC.git",
                "reference": "92b966978ca7327502a65fc9ede718b2f3126bda"
            },
            "dist": {
                "type": "zip",
                "url": "https://api.github.com/repos/fluxapps/DIC/zipball/92b966978ca7327502a65fc9ede718b2f3126bda",
                "reference": "92b966978ca7327502a65fc9ede718b2f3126bda",
                "shasum": ""
            },
            "require": {
                "php": ">=7.0"
            },
            "require-dev": {
                "srag/generateplugininfoshelper": ">=0.1.0"
            },
            "type": "library",
            "extra": {
                "ilias_plugin": {
                    "ilias_min_version": "5.4.0",
                    "ilias_max_version": "6.999"
                },
                "generate_plugin_readme_template": "ILIAS_LIBRARY",
                "long_description_template": "src/LONG_DESCRIPTION.md"
            },
            "autoload": {
                "psr-4": {
                    "srag\\DIC\\": "src/"
                }
            },
            "notification-url": "https://packagist.org/downloads/",
            "license": [
                "GPL-3.0-only"
            ],
            "authors": [
                {
                    "name": "fluxlabs",
                    "email": "support@fluxlabs.ch",
                    "homepage": "https://fluxlabs.ch",
                    "role": "Developer"
                }
            ],
            "description": "Use all ILIAS globals in your class",
            "homepage": "https://github.com/fluxapps/DIC",
            "keywords": [
                "ILIAS",
                "dic",
                "globals",
                "trait"
            ],
            "time": "2021-06-28T07:03:18+00:00"
        },
        {
            "name": "srag/librariesnamespacechanger",
            "version": "0.15.4",
            "source": {
                "type": "git",
                "url": "https://github.com/fluxapps/LibrariesNamespaceChanger.git",
                "reference": "41331e03a86ab4f4ae650df70ef2e4cbc5fc4cf9"
            },
            "dist": {
                "type": "zip",
                "url": "https://api.github.com/repos/fluxapps/LibrariesNamespaceChanger/zipball/41331e03a86ab4f4ae650df70ef2e4cbc5fc4cf9",
                "reference": "41331e03a86ab4f4ae650df70ef2e4cbc5fc4cf9",
                "shasum": ""
            },
            "require": {
                "php": ">=7.0"
            },
            "require-dev": {
                "srag/generateplugininfoshelper": ">=0.1.0"
            },
            "type": "library",
            "extra": {
                "generate_plugin_readme_template": "LIBRARY",
                "long_description_template": "src/LONG_DESCRIPTION.md"
            },
            "autoload": {
                "psr-4": {
                    "srag\\LibrariesNamespaceChanger\\": "src/"
                }
            },
            "notification-url": "https://packagist.org/downloads/",
            "license": [
                "GPL-3.0-only"
            ],
            "authors": [
                {
                    "name": "fluxlabs",
                    "email": "support@fluxlabs.ch",
                    "homepage": "https://fluxlabs.ch",
                    "role": "Developer"
                }
            ],
            "description": "Change namespace of libraries to plugin namespace",
            "homepage": "https://github.com/fluxapps/LibrariesNamespaceChanger",
            "keywords": [
                "changer",
                "libraries",
                "namespace"
            ],
            "time": "2021-06-28T07:04:17+00:00"
        },
        {
            "name": "srag/librarylanguageinstaller",
            "version": "1.1.6",
            "source": {
                "type": "git",
                "url": "https://github.com/fluxapps/LibraryLanguageInstaller.git",
                "reference": "cfc71ba8cd77ab858d450b69acce37e667aaca5f"
            },
            "dist": {
                "type": "zip",
                "url": "https://api.github.com/repos/fluxapps/LibraryLanguageInstaller/zipball/cfc71ba8cd77ab858d450b69acce37e667aaca5f",
                "reference": "cfc71ba8cd77ab858d450b69acce37e667aaca5f",
                "shasum": ""
            },
            "require": {
                "php": ">=7.0",
                "srag/dic": ">=0.1.0"
            },
            "require-dev": {
                "srag/generateplugininfoshelper": ">=0.1.0"
            },
            "type": "library",
            "extra": {
                "ilias_plugin": {
                    "ilias_min_version": "5.4.0",
                    "ilias_max_version": "6.999"
                },
                "generate_plugin_readme_template": "ILIAS_LIBRARY",
                "long_description_template": "src/LONG_DESCRIPTION.md"
            },
            "autoload": {
                "psr-4": {
                    "srag\\LibraryLanguageInstaller\\": "src/"
                }
            },
            "notification-url": "https://packagist.org/downloads/",
            "license": [
                "GPL-3.0-only"
            ],
            "authors": [
                {
                    "name": "fluxlabs",
                    "email": "support@fluxlabs.ch",
                    "homepage": "https://fluxlabs.ch",
                    "role": "Developer"
                }
            ],
            "description": "Install additional and external lang files for a plugin",
            "homepage": "https://github.com/fluxapps/LibraryLanguageInstaller",
            "keywords": [
                "ILIAS",
                "installer",
                "language",
                "library"
            ],
            "time": "2021-06-28T07:04:30+00:00"
        },
        {
            "name": "srag/removeplugindataconfirm",
            "version": "0.7.8",
            "source": {
                "type": "git",
                "url": "https://github.com/fluxapps/RemovePluginDataConfirm.git",
                "reference": "096515eba3ad0e3d339b72eca382c71ce743da3e"
            },
            "dist": {
                "type": "zip",
                "url": "https://api.github.com/repos/fluxapps/RemovePluginDataConfirm/zipball/096515eba3ad0e3d339b72eca382c71ce743da3e",
                "reference": "096515eba3ad0e3d339b72eca382c71ce743da3e",
                "shasum": ""
            },
            "require": {
                "php": ">=7.0",
                "srag/dic": ">=0.1.0",
                "srag/librarylanguageinstaller": ">=0.1.0"
            },
            "require-dev": {
                "srag/generateplugininfoshelper": ">=0.1.0"
            },
            "type": "library",
            "extra": {
                "ilias_plugin": {
                    "ilias_min_version": "5.4.0",
                    "ilias_max_version": "6.999"
                },
                "generate_plugin_readme_template": "ILIAS_LIBRARY",
                "long_description_template": "src/LONG_DESCRIPTION.md"
            },
            "autoload": {
                "psr-4": {
                    "srag\\RemovePluginDataConfirm\\": "src/"
                },
                "classmap": [
                    "src/class.RemovePluginDataConfirmCtrl.php"
                ]
            },
            "notification-url": "https://packagist.org/downloads/",
            "license": [
                "GPL-3.0-only"
            ],
            "authors": [
                {
                    "name": "fluxlabs",
                    "email": "support@fluxlabs.ch",
                    "homepage": "https://fluxlabs.ch",
                    "role": "Developer"
                }
            ],
            "description": "Demand if plugin data should be removed on uninstall",
            "homepage": "https://github.com/fluxapps/RemovePluginDataConfirm",
            "keywords": [
                "ILIAS",
                "confirm",
                "data",
                "plugin",
                "uninstall"
            ],
            "time": "2021-06-28T07:04:48+00:00"
        },
        {
            "name": "symfony/options-resolver",
            "version": "v3.4.47",
            "source": {
                "type": "git",
                "url": "https://github.com/symfony/options-resolver.git",
                "reference": "c7efc97a47b2ebaabc19d5b6c6b50f5c37c92744"
            },
            "dist": {
                "type": "zip",
                "url": "https://api.github.com/repos/symfony/options-resolver/zipball/c7efc97a47b2ebaabc19d5b6c6b50f5c37c92744",
                "reference": "c7efc97a47b2ebaabc19d5b6c6b50f5c37c92744",
                "shasum": ""
            },
            "require": {
                "php": "^5.5.9|>=7.0.8"
            },
            "type": "library",
            "autoload": {
                "psr-4": {
                    "Symfony\\Component\\OptionsResolver\\": ""
                },
                "exclude-from-classmap": [
                    "/Tests/"
                ]
            },
            "notification-url": "https://packagist.org/downloads/",
            "license": [
                "MIT"
            ],
            "authors": [
                {
                    "name": "Fabien Potencier",
                    "email": "fabien@symfony.com"
                },
                {
                    "name": "Symfony Community",
                    "homepage": "https://symfony.com/contributors"
                }
            ],
            "description": "Symfony OptionsResolver Component",
            "homepage": "https://symfony.com",
            "keywords": [
                "config",
                "configuration",
                "options"
            ],
            "time": "2020-10-24T10:57:07+00:00"
        }
    ],
    "packages-dev": [],
    "aliases": [],
    "minimum-stability": "stable",
    "stability-flags": [],
    "prefer-stable": false,
    "prefer-lowest": false,
    "platform": [],
    "platform-dev": []
}
